// !$*UTF8*$!
{
	archiveVersion = 1;
	classes = {
	};
	objectVersion = 77;
	objects = {

/* Begin PBXContainerItemProxy section */
		DFAA4E2A2F2BB00F0090C3EB /* PBXContainerItemProxy */ = {
			isa = PBXContainerItemProxy;
			containerPortal = DFAA4E142F2BB00E0090C3EB /* Project object */;
			proxyType = 1;
			remoteGlobalIDString = DFAA4E1B2F2BB00E0090C3EB;
			remoteInfo = "Order in the Library";
		};
		DFAA4E342F2BB00F0090C3EB /* PBXContainerItemProxy */ = {
			isa = PBXContainerItemProxy;
			containerPortal = DFAA4E142F2BB00E0090C3EB /* Project object */;
			proxyType = 1;
			remoteGlobalIDString = DFAA4E1B2F2BB00E0090C3EB;
			remoteInfo = "Order in the Library";
		};
/* End PBXContainerItemProxy section */

/* Begin PBXFileReference section */
		DFAA4E1C2F2BB00E0090C3EB /* Order in the Library.app */ = {isa = PBXFileReference; explicitFileType = wrapper.application; includeInIndex = 0; path = "Order in the Library.app"; sourceTree = BUILT_PRODUCTS_DIR; };
		DFAA4E292F2BB00F0090C3EB /* Order in the LibraryTests.xctest */ = {isa = PBXFileReference; explicitFileType = wrapper.cfbundle; includeInIndex = 0; path = "Order in the LibraryTests.xctest"; sourceTree = BUILT_PRODUCTS_DIR; };
		DFAA4E332F2BB00F0090C3EB /* Order in the LibraryUITests.xctest */ = {isa = PBXFileReference; explicitFileType = wrapper.cfbundle; includeInIndex = 0; path = "Order in the LibraryUITests.xctest"; sourceTree = BUILT_PRODUCTS_DIR; };
/* End PBXFileReference section */

/* Begin PBXFileSystemSynchronizedRootGroup section */
		DFAA4E1E2F2BB00E0090C3EB /* Order in the Library */ = {
			isa = PBXFileSystemSynchronizedRootGroup;
			path = "Order in the Library";
			sourceTree = "<group>";
		};
		DFAA4E2C2F2BB00F0090C3EB /* Order in the LibraryTests */ = {
			isa = PBXFileSystemSynchronizedRootGroup;
			path = "Order in the LibraryTests";
			sourceTree = "<group>";
		};
		DFAA4E362F2BB00F0090C3EB /* Order in the LibraryUITests */ = {
			isa = PBXFileSystemSynchronizedRootGroup;
			path = "Order in the LibraryUITests";
			sourceTree = "<group>";
		};
/* End PBXFileSystemSynchronizedRootGroup section */

/* Begin PBXFrameworksBuildPhase section */
		DFAA4E192F2BB00E0090C3EB /* Frameworks */ = {
			isa = PBXFrameworksBuildPhase;
			buildActionMask = 2147483647;
			files = (
			);
			runOnlyForDeploymentPostprocessing = 0;
		};
		DFAA4E262F2BB00F0090C3EB /* Frameworks */ = {
			isa = PBXFrameworksBuildPhase;
			buildActionMask = 2147483647;
			files = (
			);
			runOnlyForDeploymentPostprocessing = 0;
		};
		DFAA4E302F2BB00F0090C3EB /* Frameworks */ = {
			isa = PBXFrameworksBuildPhase;
			buildActionMask = 2147483647;
			files = (
			);
			runOnlyForDeploymentPostprocessing = 0;
		};
/* End PBXFrameworksBuildPhase section */

/* Begin PBXGroup section */
		DFAA4E132F2BB00E0090C3EB = {
			isa = PBXGroup;
			children = (
				DFAA4E1E2F2BB00E0090C3EB /* Order in the Library */,
				DFAA4E2C2F2BB00F0090C3EB /* Order in the LibraryTests */,
				DFAA4E362F2BB00F0090C3EB /* Order in the LibraryUITests */,
				DFAA4E1D2F2BB00E0090C3EB /* Products */,
			);
			sourceTree = "<group>";
		};
		DFAA4E1D2F2BB00E0090C3EB /* Products */ = {
			isa = PBXGroup;
			children = (
				DFAA4E1C2F2BB00E0090C3EB /* Order in the Library.app */,
				DFAA4E292F2BB00F0090C3EB /* Order in the LibraryTests.xctest */,
				DFAA4E332F2BB00F0090C3EB /* Order in the LibraryUITests.xctest */,
			);
			name = Products;
			sourceTree = "<group>";
		};
/* End PBXGroup section */

/* Begin PBXNativeTarget section */
		DFAA4E1B2F2BB00E0090C3EB /* Order in the Library */ = {
			isa = PBXNativeTarget;
			buildConfigurationList = DFAA4E3D2F2BB00F0090C3EB /* Build configuration list for PBXNativeTarget "Order in the Library" */;
			buildPhases = (
				DFAA4E182F2BB00E0090C3EB /* Sources */,
				DFAA4E192F2BB00E0090C3EB /* Frameworks */,
				DFAA4E1A2F2BB00E0090C3EB /* Resources */,
			);
			buildRules = (
			);
			dependencies = (
			);
			fileSystemSynchronizedGroups = (
				DFAA4E1E2F2BB00E0090C3EB /* Order in the Library */,
			);
			name = "Order in the Library";
			packageProductDependencies = (
			);
			productName = "Order in the Library";
			productReference = DFAA4E1C2F2BB00E0090C3EB /* Order in the Library.app */;
			productType = "com.apple.product-type.application";
		};
		DFAA4E282F2BB00F0090C3EB /* Order in the LibraryTests */ = {
			isa = PBXNativeTarget;
			buildConfigurationList = DFAA4E402F2BB00F0090C3EB /* Build configuration list for PBXNativeTarget "Order in the LibraryTests" */;
			buildPhases = (
				DFAA4E252F2BB00F0090C3EB /* Sources */,
				DFAA4E262F2BB00F0090C3EB /* Frameworks */,
				DFAA4E272F2BB00F0090C3EB /* Resources */,
			);
			buildRules = (
			);
			dependencies = (
				DFAA4E2B2F2BB00F0090C3EB /* PBXTargetDependency */,
			);
			fileSystemSynchronizedGroups = (
				DFAA4E2C2F2BB00F0090C3EB /* Order in the LibraryTests */,
			);
			name = "Order in the LibraryTests";
			packageProductDependencies = (
			);
			productName = "Order in the LibraryTests";
			productReference = DFAA4E292F2BB00F0090C3EB /* Order in the LibraryTests.xctest */;
			productType = "com.apple.product-type.bundle.unit-test";
		};
		DFAA4E322F2BB00F0090C3EB /* Order in the LibraryUITests */ = {
			isa = PBXNativeTarget;
			buildConfigurationList = DFAA4E432F2BB00F0090C3EB /* Build configuration list for PBXNativeTarget "Order in the LibraryUITests" */;
			buildPhases = (
				DFAA4E2F2F2BB00F0090C3EB /* Sources */,
				DFAA4E302F2BB00F0090C3EB /* Frameworks */,
				DFAA4E312F2BB00F0090C3EB /* Resources */,
			);
			buildRules = (
			);
			dependencies = (
				DFAA4E352F2BB00F0090C3EB /* PBXTargetDependency */,
			);
			fileSystemSynchronizedGroups = (
				DFAA4E362F2BB00F0090C3EB /* Order in the LibraryUITests */,
			);
			name = "Order in the LibraryUITests";
			packageProductDependencies = (
			);
			productName = "Order in the LibraryUITests";
			productReference = DFAA4E332F2BB00F0090C3EB /* Order in the LibraryUITests.xctest */;
			productType = "com.apple.product-type.bundle.ui-testing";
		};
/* End PBXNativeTarget section */

/* Begin PBXProject section */
		DFAA4E142F2BB00E0090C3EB /* Project object */ = {
			isa = PBXProject;
			attributes = {
				BuildIndependentTargetsInParallel = 1;
				LastSwiftUpdateCheck = 2600;
				LastUpgradeCheck = 2600;
				TargetAttributes = {
					DFAA4E1B2F2BB00E0090C3EB = {
						CreatedOnToolsVersion = 26.0.1;
					};
					DFAA4E282F2BB00F0090C3EB = {
						CreatedOnToolsVersion = 26.0.1;
						TestTargetID = DFAA4E1B2F2BB00E0090C3EB;
					};
					DFAA4E322F2BB00F0090C3EB = {
						CreatedOnToolsVersion = 26.0.1;
						TestTargetID = DFAA4E1B2F2BB00E0090C3EB;
					};
				};
			};
			buildConfigurationList = DFAA4E172F2BB00E0090C3EB /* Build configuration list for PBXProject "Order in the Library" */;
			developmentRegion = en;
			hasScannedForEncodings = 0;
			knownRegions = (
				en,
				Base,
			);
			mainGroup = DFAA4E132F2BB00E0090C3EB;
			minimizedProjectReferenceProxies = 1;
			preferredProjectObjectVersion = 77;
			productRefGroup = DFAA4E1D2F2BB00E0090C3EB /* Products */;
			projectDirPath = "";
			projectRoot = "";
			targets = (
				DFAA4E1B2F2BB00E0090C3EB /* Order in the Library */,
				DFAA4E282F2BB00F0090C3EB /* Order in the LibraryTests */,
				DFAA4E322F2BB00F0090C3EB /* Order in the LibraryUITests */,
			);
		};
/* End PBXProject section */

/* Begin PBXResourcesBuildPhase section */
		DFAA4E1A2F2BB00E0090C3EB /* Resources */ = {
			isa = PBXResourcesBuildPhase;
			buildActionMask = 2147483647;
			files = (
			);
			runOnlyForDeploymentPostprocessing = 0;
		};
		DFAA4E272F2BB00F0090C3EB /* Resources */ = {
			isa = PBXResourcesBuildPhase;
			buildActionMask = 2147483647;
			files = (
			);
			runOnlyForDeploymentPostprocessing = 0;
		};
		DFAA4E312F2BB00F0090C3EB /* Resources */ = {
			isa = PBXResourcesBuildPhase;
			buildActionMask = 2147483647;
			files = (
			);
			runOnlyForDeploymentPostprocessing = 0;
		};
/* End PBXResourcesBuildPhase section */

/* Begin PBXSourcesBuildPhase section */
		DFAA4E182F2BB00E0090C3EB /* Sources */ = {
			isa = PBXSourcesBuildPhase;
			buildActionMask = 2147483647;
			files = (
			);
			runOnlyForDeploymentPostprocessing = 0;
		};
		DFAA4E252F2BB00F0090C3EB /* Sources */ = {
			isa = PBXSourcesBuildPhase;
			buildActionMask = 2147483647;
			files = (
			);
			runOnlyForDeploymentPostprocessing = 0;
		};
		DFAA4E2F2F2BB00F0090C3EB /* Sources */ = {
			isa = PBXSourcesBuildPhase;
			buildActionMask = 2147483647;
			files = (
			);
			runOnlyForDeploymentPostprocessing = 0;
		};
/* End PBXSourcesBuildPhase section */

/* Begin PBXTargetDependency section */
		DFAA4E2B2F2BB00F0090C3EB /* PBXTargetDependency */ = {
			isa = PBXTargetDependency;
			target = DFAA4E1B2F2BB00E0090C3EB /* Order in the Library */;
			targetProxy = DFAA4E2A2F2BB00F0090C3EB /* PBXContainerItemProxy */;
		};
		DFAA4E352F2BB00F0090C3EB /* PBXTargetDependency */ = {
			isa = PBXTargetDependency;
			target = DFAA4E1B2F2BB00E0090C3EB /* Order in the Library */;
			targetProxy = DFAA4E342F2BB00F0090C3EB /* PBXContainerItemProxy */;
		};
/* End PBXTargetDependency section */

/* Begin XCBuildConfiguration section */
		DFAA4E3B2F2BB00F0090C3EB /* Debug */ = {
			isa = XCBuildConfiguration;
			buildSettings = {
				ALWAYS_SEARCH_USER_PATHS = NO;
				ASSETCATALOG_COMPILER_GENERATE_SWIFT_ASSET_SYMBOL_EXTENSIONS = YES;
				CLANG_ANALYZER_NONNULL = YES;
				CLANG_ANALYZER_NUMBER_OBJECT_CONVERSION = YES_AGGRESSIVE;
				CLANG_CXX_LANGUAGE_STANDARD = "gnu++20";
				CLANG_ENABLE_MODULES = YES;
				CLANG_ENABLE_OBJC_ARC = YES;
				CLANG_ENABLE_OBJC_WEAK = YES;
				CLANG_WARN_BLOCK_CAPTURE_AUTORELEASING = YES;
				CLANG_WARN_BOOL_CONVERSION = YES;
				CLANG_WARN_COMMA = YES;
				CLANG_WARN_CONSTANT_CONVERSION = YES;
				CLANG_WARN_DEPRECATED_OBJC_IMPLEMENTATIONS = YES;
				CLANG_WARN_DIRECT_OBJC_ISA_USAGE = YES_ERROR;
				CLANG_WARN_DOCUMENTATION_COMMENTS = YES;
				CLANG_WARN_EMPTY_BODY = YES;
				CLANG_WARN_ENUM_CONVERSION = YES;
				CLANG_WARN_INFINITE_RECURSION = YES;
				CLANG_WARN_INT_CONVERSION = YES;
				CLANG_WARN_NON_LITERAL_NULL_CONVERSION = YES;
				CLANG_WARN_OBJC_IMPLICIT_RETAIN_SELF = YES;
				CLANG_WARN_OBJC_LITERAL_CONVERSION = YES;
				CLANG_WARN_OBJC_ROOT_CLASS = YES_ERROR;
				CLANG_WARN_QUOTED_INCLUDE_IN_FRAMEWORK_HEADER = YES;
				CLANG_WARN_RANGE_LOOP_ANALYSIS = YES;
				CLANG_WARN_STRICT_PROTOTYPES = YES;
				CLANG_WARN_SUSPICIOUS_MOVE = YES;
				CLANG_WARN_UNGUARDED_AVAILABILITY = YES_AGGRESSIVE;
				CLANG_WARN_UNREACHABLE_CODE = YES;
				CLANG_WARN__DUPLICATE_METHOD_MATCH = YES;
				COPY_PHASE_STRIP = NO;
				DEBUG_INFORMATION_FORMAT = dwarf;
				DEVELOPMENT_TEAM = 6XMRVD5S3U;
				ENABLE_STRICT_OBJC_MSGSEND = YES;
				ENABLE_TESTABILITY = YES;
				ENABLE_USER_SCRIPT_SANDBOXING = YES;
				GCC_C_LANGUAGE_STANDARD = gnu17;
				GCC_DYNAMIC_NO_PIC = NO;
				GCC_NO_COMMON_BLOCKS = YES;
				GCC_OPTIMIZATION_LEVEL = 0;
				GCC_PREPROCESSOR_DEFINITIONS = (
					"DEBUG=1",
					"$(inherited)",
				);
				GCC_WARN_64_TO_32_BIT_CONVERSION = YES;
				GCC_WARN_ABOUT_RETURN_TYPE = YES_ERROR;
				GCC_WARN_UNDECLARED_SELECTOR = YES;
				GCC_WARN_UNINITIALIZED_AUTOS = YES_AGGRESSIVE;
				GCC_WARN_UNUSED_FUNCTION = YES;
				GCC_WARN_UNUSED_VARIABLE = YES;
				IPHONEOS_DEPLOYMENT_TARGET = 26.0;
				LOCALIZATION_PREFERS_STRING_CATALOGS = YES;
				MTL_ENABLE_DEBUG_INFO = INCLUDE_SOURCE;
				MTL_FAST_MATH = YES;
				ONLY_ACTIVE_ARCH = YES;
				SDKROOT = iphoneos;
				SWIFT_ACTIVE_COMPILATION_CONDITIONS = "DEBUG $(inherited)";
				SWIFT_OPTIMIZATION_LEVEL = "-Onone";
			};
			name = Debug;
		};
		DFAA4E3C2F2BB00F0090C3EB /* Release */ = {
			isa = XCBuildConfiguration;
			buildSettings = {
				ALWAYS_SEARCH_USER_PATHS = NO;
				ASSETCATALOG_COMPILER_GENERATE_SWIFT_ASSET_SYMBOL_EXTENSIONS = YES;
				CLANG_ANALYZER_NONNULL = YES;
				CLANG_ANALYZER_NUMBER_OBJECT_CONVERSION = YES_AGGRESSIVE;
				CLANG_CXX_LANGUAGE_STANDARD = "gnu++20";
				CLANG_ENABLE_MODULES = YES;
				CLANG_ENABLE_OBJC_ARC = YES;
				CLANG_ENABLE_OBJC_WEAK = YES;
				CLANG_WARN_BLOCK_CAPTURE_AUTORELEASING = YES;
				CLANG_WARN_BOOL_CONVERSION = YES;
				CLANG_WARN_COMMA = YES;
				CLANG_WARN_CONSTANT_CONVERSION = YES;
				CLANG_WARN_DEPRECATED_OBJC_IMPLEMENTATIONS = YES;
				CLANG_WARN_DIRECT_OBJC_ISA_USAGE = YES_ERROR;
				CLANG_WARN_DOCUMENTATION_COMMENTS = YES;
				CLANG_WARN_EMPTY_BODY = YES;
				CLANG_WARN_ENUM_CONVERSION = YES;
				CLANG_WARN_INFINITE_RECURSION = YES;
				CLANG_WARN_INT_CONVERSION = YES;
				CLANG_WARN_NON_LITERAL_NULL_CONVERSION = YES;
				CLANG_WARN_OBJC_IMPLICIT_RETAIN_SELF = YES;
				CLANG_WARN_OBJC_LITERAL_CONVERSION = YES;
				CLANG_WARN_OBJC_ROOT_CLASS = YES_ERROR;
				CLANG_WARN_QUOTED_INCLUDE_IN_FRAMEWORK_HEADER = YES;
				CLANG_WARN_RANGE_LOOP_ANALYSIS = YES;
				CLANG_WARN_STRICT_PROTOTYPES = YES;
				CLANG_WARN_SUSPICIOUS_MOVE = YES;
				CLANG_WARN_UNGUARDED_AVAILABILITY = YES_AGGRESSIVE;
				CLANG_WARN_UNREACHABLE_CODE = YES;
				CLANG_WARN__DUPLICATE_METHOD_MATCH = YES;
				COPY_PHASE_STRIP = NO;
				DEBUG_INFORMATION_FORMAT = "dwarf-with-dsym";
				DEVELOPMENT_TEAM = 6XMRVD5S3U;
				ENABLE_NS_ASSERTIONS = NO;
				ENABLE_STRICT_OBJC_MSGSEND = YES;
				ENABLE_USER_SCRIPT_SANDBOXING = YES;
				GCC_C_LANGUAGE_STANDARD = gnu17;
				GCC_NO_COMMON_BLOCKS = YES;
				GCC_WARN_64_TO_32_BIT_CONVERSION = YES;
				GCC_WARN_ABOUT_RETURN_TYPE = YES_ERROR;
				GCC_WARN_UNDECLARED_SELECTOR = YES;
				GCC_WARN_UNINITIALIZED_AUTOS = YES_AGGRESSIVE;
				GCC_WARN_UNUSED_FUNCTION = YES;
				GCC_WARN_UNUSED_VARIABLE = YES;
				IPHONEOS_DEPLOYMENT_TARGET = 26.0;
				LOCALIZATION_PREFERS_STRING_CATALOGS = YES;
				MTL_ENABLE_DEBUG_INFO = NO;
				MTL_FAST_MATH = YES;
				SDKROOT = iphoneos;
				SWIFT_COMPILATION_MODE = wholemodule;
				VALIDATE_PRODUCT = YES;
			};
			name = Release;
		};
		DFAA4E3E2F2BB00F0090C3EB /* Debug */ = {
			isa = XCBuildConfiguration;
			buildSettings = {
				ASSETCATALOG_COMPILER_APPICON_NAME = AppIcon;
				ASSETCATALOG_COMPILER_GLOBAL_ACCENT_COLOR_NAME = AccentColor;
				CODE_SIGN_STYLE = Automatic;
				CURRENT_PROJECT_VERSION = 1;
				DEVELOPMENT_TEAM = 6XMRVD5S3U;
				ENABLE_PREVIEWS = YES;
				GENERATE_INFOPLIST_FILE = YES;
				INFOPLIST_KEY_UIApplicationSceneManifest_Generation = YES;
				INFOPLIST_KEY_UIApplicationSupportsIndirectInputEvents = YES;
				INFOPLIST_KEY_UILaunchScreen_Generation = YES;
				INFOPLIST_KEY_UISupportedInterfaceOrientations_iPad = "UIInterfaceOrientationPortrait UIInterfaceOrientationPortraitUpsideDown UIInterfaceOrientationLandscapeLeft UIInterfaceOrientationLandscapeRight";
				INFOPLIST_KEY_UISupportedInterfaceOrientations_iPhone = "UIInterfaceOrientationPortrait UIInterfaceOrientationLandscapeLeft UIInterfaceOrientationLandscapeRight";
				LD_RUNPATH_SEARCH_PATHS = (
					"$(inherited)",
					"@executable_path/Frameworks",
				);
				MARKETING_VERSION = 1.0;
				PRODUCT_BUNDLE_IDENTIFIER = "com.aidenbak.Order-in-the-Library";
				PRODUCT_NAME = "$(TARGET_NAME)";
				STRING_CATALOG_GENERATE_SYMBOLS = YES;
				SWIFT_APPROACHABLE_CONCURRENCY = YES;
				SWIFT_DEFAULT_ACTOR_ISOLATION = MainActor;
				SWIFT_EMIT_LOC_STRINGS = YES;
				SWIFT_UPCOMING_FEATURE_MEMBER_IMPORT_VISIBILITY = YES;
				SWIFT_VERSION = 5.0;
				TARGETED_DEVICE_FAMILY = "1,2";
			};
			name = Debug;
		};
		DFAA4E3F2F2BB00F0090C3EB /* Release */ = {
			isa = XCBuildConfiguration;
			buildSettings = {
				ASSETCATALOG_COMPILER_APPICON_NAME = AppIcon;
				ASSETCATALOG_COMPILER_GLOBAL_ACCENT_COLOR_NAME = AccentColor;
				CODE_SIGN_STYLE = Automatic;
				CURRENT_PROJECT_VERSION = 1;
				DEVELOPMENT_TEAM = 6XMRVD5S3U;
				ENABLE_PREVIEWS = YES;
				GENERATE_INFOPLIST_FILE = YES;
				INFOPLIST_KEY_UIApplicationSceneManifest_Generation = YES;
				INFOPLIST_KEY_UIApplicationSupportsIndirectInputEvents = YES;
				INFOPLIST_KEY_UILaunchScreen_Generation = YES;
				INFOPLIST_KEY_UISupportedInterfaceOrientations_iPad = "UIInterfaceOrientationPortrait UIInterfaceOrientationPortraitUpsideDown UIInterfaceOrientationLandscapeLeft UIInterfaceOrientationLandscapeRight";
				INFOPLIST_KEY_UISupportedInterfaceOrientations_iPhone = "UIInterfaceOrientationPortrait UIInterfaceOrientationLandscapeLeft UIInterfaceOrientationLandscapeRight";
				LD_RUNPATH_SEARCH_PATHS = (
					"$(inherited)",
					"@executable_path/Frameworks",
				);
				MARKETING_VERSION = 1.0;
				PRODUCT_BUNDLE_IDENTIFIER = "com.aidenbak.Order-in-the-Library";
				PRODUCT_NAME = "$(TARGET_NAME)";
				STRING_CATALOG_GENERATE_SYMBOLS = YES;
				SWIFT_APPROACHABLE_CONCURRENCY = YES;
				SWIFT_DEFAULT_ACTOR_ISOLATION = MainActor;
				SWIFT_EMIT_LOC_STRINGS = YES;
				SWIFT_UPCOMING_FEATURE_MEMBER_IMPORT_VISIBILITY = YES;
				SWIFT_VERSION = 5.0;
				TARGETED_DEVICE_FAMILY = "1,2";
			};
			name = Release;
		};
		DFAA4E412F2BB00F0090C3EB /* Debug */ = {
			isa = XCBuildConfiguration;
			buildSettings = {
				BUNDLE_LOADER = "$(TEST_HOST)";
				CODE_SIGN_STYLE = Automatic;
				CURRENT_PROJECT_VERSION = 1;
				DEVELOPMENT_TEAM = 6XMRVD5S3U;
				GENERATE_INFOPLIST_FILE = YES;
				IPHONEOS_DEPLOYMENT_TARGET = 26.0;
				MARKETING_VERSION = 1.0;
				PRODUCT_BUNDLE_IDENTIFIER = "com.aidenbak.Order-in-the-LibraryTests";
				PRODUCT_NAME = "$(TARGET_NAME)";
				STRING_CATALOG_GENERATE_SYMBOLS = NO;
				SWIFT_APPROACHABLE_CONCURRENCY = YES;
				SWIFT_EMIT_LOC_STRINGS = NO;
				SWIFT_UPCOMING_FEATURE_MEMBER_IMPORT_VISIBILITY = YES;
				SWIFT_VERSION = 5.0;
				TARGETED_DEVICE_FAMILY = "1,2";
				TEST_HOST = "$(BUILT_PRODUCTS_DIR)/Order in the Library.app/$(BUNDLE_EXECUTABLE_FOLDER_PATH)/Order in the Library";
			};
			name = Debug;
		};
		DFAA4E422F2BB00F0090C3EB /* Release */ = {
			isa = XCBuildConfiguration;
			buildSettings = {
				BUNDLE_LOADER = "$(TEST_HOST)";
				CODE_SIGN_STYLE = Automatic;
				CURRENT_PROJECT_VERSION = 1;
				DEVELOPMENT_TEAM = 6XMRVD5S3U;
				GENERATE_INFOPLIST_FILE = YES;
				IPHONEOS_DEPLOYMENT_TARGET = 26.0;
				MARKETING_VERSION = 1.0;
				PRODUCT_BUNDLE_IDENTIFIER = "com.aidenbak.Order-in-the-LibraryTests";
				PRODUCT_NAME = "$(TARGET_NAME)";
				STRING_CATALOG_GENERATE_SYMBOLS = NO;
				SWIFT_APPROACHABLE_CONCURRENCY = YES;
				SWIFT_EMIT_LOC_STRINGS = NO;
				SWIFT_UPCOMING_FEATURE_MEMBER_IMPORT_VISIBILITY = YES;
				SWIFT_VERSION = 5.0;
				TARGETED_DEVICE_FAMILY = "1,2";
				TEST_HOST = "$(BUILT_PRODUCTS_DIR)/Order in the Library.app/$(BUNDLE_EXECUTABLE_FOLDER_PATH)/Order in the Library";
			};
			name = Release;
		};
		DFAA4E442F2BB00F0090C3EB /* Debug */ = {
			isa = XCBuildConfiguration;
			buildSettings = {
				CODE_SIGN_STYLE = Automatic;
				CURRENT_PROJECT_VERSION = 1;
				DEVELOPMENT_TEAM = 6XMRVD5S3U;
				GENERATE_INFOPLIST_FILE = YES;
				MARKETING_VERSION = 1.0;
				PRODUCT_BUNDLE_IDENTIFIER = "com.aidenbak.Order-in-the-LibraryUITests";
				PRODUCT_NAME = "$(TARGET_NAME)";
				STRING_CATALOG_GENERATE_SYMBOLS = NO;
				SWIFT_APPROACHABLE_CONCURRENCY = YES;
				SWIFT_EMIT_LOC_STRINGS = NO;
				SWIFT_UPCOMING_FEATURE_MEMBER_IMPORT_VISIBILITY = YES;
				SWIFT_VERSION = 5.0;
				TARGETED_DEVICE_FAMILY = "1,2";
				TEST_TARGET_NAME = "Order in the Library";
			};
			name = Debug;
		};
		DFAA4E452F2BB00F0090C3EB /* Release */ = {
			isa = XCBuildConfiguration;
			buildSettings = {
				CODE_SIGN_STYLE = Automatic;
				CURRENT_PROJECT_VERSION = 1;
				DEVELOPMENT_TEAM = 6XMRVD5S3U;
				GENERATE_INFOPLIST_FILE = YES;
				MARKETING_VERSION = 1.0;
				PRODUCT_BUNDLE_IDENTIFIER = "com.aidenbak.Order-in-the-LibraryUITests";
				PRODUCT_NAME = "$(TARGET_NAME)";
				STRING_CATALOG_GENERATE_SYMBOLS = NO;
				SWIFT_APPROACHABLE_CONCURRENCY = YES;
				SWIFT_EMIT_LOC_STRINGS = NO;
				SWIFT_UPCOMING_FEATURE_MEMBER_IMPORT_VISIBILITY = YES;
				SWIFT_VERSION = 5.0;
				TARGETED_DEVICE_FAMILY = "1,2";
				TEST_TARGET_NAME = "Order in the Library";
			};
			name = Release;
		};
/* End XCBuildConfiguration section */

/* Begin XCConfigurationList section */
		DFAA4E172F2BB00E0090C3EB /* Build configuration list for PBXProject "Order in the Library" */ = {
			isa = XCConfigurationList;
			buildConfigurations = (
				DFAA4E3B2F2BB00F0090C3EB /* Debug */,
				DFAA4E3C2F2BB00F0090C3EB /* Release */,
			);
			defaultConfigurationIsVisible = 0;
			defaultConfigurationName = Release;
		};
		DFAA4E3D2F2BB00F0090C3EB /* Build configuration list for PBXNativeTarget "Order in the Library" */ = {
			isa = XCConfigurationList;
			buildConfigurations = (
				DFAA4E3E2F2BB00F0090C3EB /* Debug */,
				DFAA4E3F2F2BB00F0090C3EB /* Release */,
			);
			defaultConfigurationIsVisible = 0;
			defaultConfigurationName = Release;
		};
		DFAA4E402F2BB00F0090C3EB /* Build configuration list for PBXNativeTarget "Order in the LibraryTests" */ = {
			isa = XCConfigurationList;
			buildConfigurations = (
				DFAA4E412F2BB00F0090C3EB /* Debug */,
				DFAA4E422F2BB00F0090C3EB /* Release */,
			);
			defaultConfigurationIsVisible = 0;
			defaultConfigurationName = Release;
		};
		DFAA4E432F2BB00F0090C3EB /* Build configuration list for PBXNativeTarget "Order in the LibraryUITests" */ = {
			isa = XCConfigurationList;
			buildConfigurations = (
				DFAA4E442F2BB00F0090C3EB /* Debug */,
				DFAA4E452F2BB00F0090C3EB /* Release */,
			);
			defaultConfigurationIsVisible = 0;
			defaultConfigurationName = Release;
		};
/* End XCConfigurationList section */
	};
	rootObject = DFAA4E142F2BB00E0090C3EB /* Project object */;
}
